// !$*UTF8*$!
{
	archiveVersion = 1;
	classes = {
	};
	objectVersion = 51;
	objects = {

/* Begin PBXBuildFile section */
		BE6C3F2E231FC09F00EA116A /* LoyaltyCardDetector.cpp in Sources */ = {isa = PBXBuildFile; fileRef = BE6C3F2C231FC09F00EA116A /* LoyaltyCardDetector.cpp */; };
		BE8C566C23181424007C18BA /* AppDelegate.swift in Sources */ = {isa = PBXBuildFile; fileRef = BE8C566B23181424007C18BA /* AppDelegate.swift */; };
		BE8C566E23181424007C18BA /* MainTableViewController.swift in Sources */ = {isa = PBXBuildFile; fileRef = BE8C566D23181424007C18BA /* MainTableViewController.swift */; };
		BE8C567123181424007C18BA /* Main.storyboard in Resources */ = {isa = PBXBuildFile; fileRef = BE8C566F23181424007C18BA /* Main.storyboard */; };
		BE8C567323181425007C18BA /* Assets.xcassets in Resources */ = {isa = PBXBuildFile; fileRef = BE8C567223181425007C18BA /* Assets.xcassets */; };
		BE8C567623181425007C18BA /* LaunchScreen.storyboard in Resources */ = {isa = PBXBuildFile; fileRef = BE8C567423181425007C18BA /* LaunchScreen.storyboard */; };
		BEDB8F7B2319093600C71D71 /* Localizable.strings in Resources */ = {isa = PBXBuildFile; fileRef = BEDB8F7D2319093600C71D71 /* Localizable.strings */; };
		BEDB8F8523191F7400C71D71 /* AvailableScanners.swift in Sources */ = {isa = PBXBuildFile; fileRef = BEDB8F8423191F7400C71D71 /* AvailableScanners.swift */; };
		BEDB8F87231921BC00C71D71 /* R.generated.swift in Sources */ = {isa = PBXBuildFile; fileRef = BEDB8F86231921BB00C71D71 /* R.generated.swift */; };
		BEDB8F892319226D00C71D71 /* MainTableViewCell.swift in Sources */ = {isa = PBXBuildFile; fileRef = BEDB8F882319226D00C71D71 /* MainTableViewCell.swift */; };
		BEDB8F8D2319264500C71D71 /* UIViewController+PresentSafariViewController.swift in Sources */ = {isa = PBXBuildFile; fileRef = BEDB8F8C2319264500C71D71 /* UIViewController+PresentSafariViewController.swift */; };
		BEDB8F8F231926FB00C71D71 /* UIViewController+PresentUIAlertController.swift in Sources */ = {isa = PBXBuildFile; fileRef = BEDB8F8E231926FB00C71D71 /* UIViewController+PresentUIAlertController.swift */; };
		BEDB8F9223192F6300C71D71 /* CameraViewController.swift in Sources */ = {isa = PBXBuildFile; fileRef = BEDB8F9123192F6300C71D71 /* CameraViewController.swift */; };
		BEDB8F9423192F7900C71D71 /* Camera.storyboard in Resources */ = {isa = PBXBuildFile; fileRef = BEDB8F9323192F7900C71D71 /* Camera.storyboard */; };
		BEDB8F96231BC7FD00C71D71 /* CameraScanner.swift in Sources */ = {isa = PBXBuildFile; fileRef = BEDB8F95231BC7FD00C71D71 /* CameraScanner.swift */; };
		BEDB8F99231BD3A100C71D71 /* FramedButton.swift in Sources */ = {isa = PBXBuildFile; fileRef = BEDB8F98231BD3A100C71D71 /* FramedButton.swift */; };
		BEDB8F9F231D0B9200C71D71 /* OpenCVScannerBridge.mm in Sources */ = {isa = PBXBuildFile; fileRef = BEDB8F9E231D0B9200C71D71 /* OpenCVScannerBridge.mm */; };
		BEDB8FA4231D190F00C71D71 /* CameraScannerProtocol.swift in Sources */ = {isa = PBXBuildFile; fileRef = BEDB8FA3231D190F00C71D71 /* CameraScannerProtocol.swift */; };
		BEDB8FAA231D5A6700C71D71 /* UIDeviceOrientation->AVCaptureVideoOrientation.swift in Sources */ = {isa = PBXBuildFile; fileRef = BEDB8FA9231D5A6700C71D71 /* UIDeviceOrientation->AVCaptureVideoOrientation.swift */; };
		C2C740EAB428211ADB286196 /* libPods-bachelorthesis.a in Frameworks */ = {isa = PBXBuildFile; fileRef = 55F9A9AF04F999E26B797CE9 /* libPods-bachelorthesis.a */; };
		F2BEC80D231E6CDE0053C9C2 /* Utilities.cpp in Sources */ = {isa = PBXBuildFile; fileRef = F2BEC80B231E6CDD0053C9C2 /* Utilities.cpp */; };
		F2BEC810231E90540053C9C2 /* QuadrangleDetector.cpp in Sources */ = {isa = PBXBuildFile; fileRef = F2BEC80E231E90540053C9C2 /* QuadrangleDetector.cpp */; };
/* End PBXBuildFile section */

/* Begin PBXFileReference section */
		55F9A9AF04F999E26B797CE9 /* libPods-bachelorthesis.a */ = {isa = PBXFileReference; explicitFileType = archive.ar; includeInIndex = 0; path = "libPods-bachelorthesis.a"; sourceTree = BUILT_PRODUCTS_DIR; };
		BE6C3F2C231FC09F00EA116A /* LoyaltyCardDetector.cpp */ = {isa = PBXFileReference; lastKnownFileType = sourcecode.cpp.cpp; path = LoyaltyCardDetector.cpp; sourceTree = "<group>"; };
		BE6C3F2D231FC09F00EA116A /* LoyaltyCardDetector.hpp */ = {isa = PBXFileReference; lastKnownFileType = sourcecode.cpp.h; path = LoyaltyCardDetector.hpp; sourceTree = "<group>"; };
		BE8C566823181424007C18BA /* bachelorthesis.app */ = {isa = PBXFileReference; explicitFileType = wrapper.application; includeInIndex = 0; path = bachelorthesis.app; sourceTree = BUILT_PRODUCTS_DIR; };
		BE8C566B23181424007C18BA /* AppDelegate.swift */ = {isa = PBXFileReference; lastKnownFileType = sourcecode.swift; path = AppDelegate.swift; sourceTree = "<group>"; };
		BE8C566D23181424007C18BA /* MainTableViewController.swift */ = {isa = PBXFileReference; lastKnownFileType = sourcecode.swift; path = MainTableViewController.swift; sourceTree = "<group>"; };
		BE8C567023181424007C18BA /* Base */ = {isa = PBXFileReference; lastKnownFileType = file.storyboard; name = Base; path = Base.lproj/Main.storyboard; sourceTree = "<group>"; };
		BE8C567223181425007C18BA /* Assets.xcassets */ = {isa = PBXFileReference; lastKnownFileType = folder.assetcatalog; path = Assets.xcassets; sourceTree = "<group>"; };
		BE8C567523181425007C18BA /* Base */ = {isa = PBXFileReference; lastKnownFileType = file.storyboard; name = Base; path = Base.lproj/LaunchScreen.storyboard; sourceTree = "<group>"; };
		BE8C567723181425007C18BA /* Info.plist */ = {isa = PBXFileReference; lastKnownFileType = text.plist.xml; path = Info.plist; sourceTree = "<group>"; };
		BEDB8F792319092E00C71D71 /* de */ = {isa = PBXFileReference; lastKnownFileType = text.plist.strings; name = de; path = de.lproj/LaunchScreen.strings; sourceTree = "<group>"; };
		BEDB8F7A2319092E00C71D71 /* de */ = {isa = PBXFileReference; lastKnownFileType = text.plist.strings; name = de; path = de.lproj/Main.strings; sourceTree = "<group>"; };
		BEDB8F7C2319093600C71D71 /* en */ = {isa = PBXFileReference; lastKnownFileType = text.plist.strings; name = en; path = en.lproj/Localizable.strings; sourceTree = "<group>"; };
		BEDB8F7E2319093E00C71D71 /* de */ = {isa = PBXFileReference; lastKnownFileType = text.plist.strings; name = de; path = de.lproj/Localizable.strings; sourceTree = "<group>"; };
		BEDB8F8423191F7400C71D71 /* AvailableScanners.swift */ = {isa = PBXFileReference; lastKnownFileType = sourcecode.swift; path = AvailableScanners.swift; sourceTree = "<group>"; };
		BEDB8F86231921BB00C71D71 /* R.generated.swift */ = {isa = PBXFileReference; fileEncoding = 4; lastKnownFileType = sourcecode.swift; path = R.generated.swift; sourceTree = "<group>"; };
		BEDB8F882319226D00C71D71 /* MainTableViewCell.swift */ = {isa = PBXFileReference; lastKnownFileType = sourcecode.swift; path = MainTableViewCell.swift; sourceTree = "<group>"; };
		BEDB8F8C2319264500C71D71 /* UIViewController+PresentSafariViewController.swift */ = {isa = PBXFileReference; lastKnownFileType = sourcecode.swift; path = "UIViewController+PresentSafariViewController.swift"; sourceTree = "<group>"; };
		BEDB8F8E231926FB00C71D71 /* UIViewController+PresentUIAlertController.swift */ = {isa = PBXFileReference; lastKnownFileType = sourcecode.swift; path = "UIViewController+PresentUIAlertController.swift"; sourceTree = "<group>"; };
		BEDB8F9123192F6300C71D71 /* CameraViewController.swift */ = {isa = PBXFileReference; lastKnownFileType = sourcecode.swift; path = CameraViewController.swift; sourceTree = "<group>"; };
		BEDB8F9323192F7900C71D71 /* Camera.storyboard */ = {isa = PBXFileReference; lastKnownFileType = file.storyboard; path = Camera.storyboard; sourceTree = "<group>"; };
		BEDB8F95231BC7FD00C71D71 /* CameraScanner.swift */ = {isa = PBXFileReference; lastKnownFileType = sourcecode.swift; path = CameraScanner.swift; sourceTree = "<group>"; };
		BEDB8F98231BD3A100C71D71 /* FramedButton.swift */ = {isa = PBXFileReference; lastKnownFileType = sourcecode.swift; path = FramedButton.swift; sourceTree = "<group>"; };
		BEDB8F9C231D0B9100C71D71 /* bachelorthesis-Bridging-Header.h */ = {isa = PBXFileReference; lastKnownFileType = sourcecode.c.h; path = "bachelorthesis-Bridging-Header.h"; sourceTree = "<group>"; };
		BEDB8F9D231D0B9200C71D71 /* OpenCVScannerBridge.h */ = {isa = PBXFileReference; lastKnownFileType = sourcecode.c.h; path = OpenCVScannerBridge.h; sourceTree = "<group>"; };
		BEDB8F9E231D0B9200C71D71 /* OpenCVScannerBridge.mm */ = {isa = PBXFileReference; lastKnownFileType = sourcecode.cpp.objcpp; path = OpenCVScannerBridge.mm; sourceTree = "<group>"; };
		BEDB8FA0231D0C1600C71D71 /* PrefixHeader.pch */ = {isa = PBXFileReference; lastKnownFileType = sourcecode.c.h; path = PrefixHeader.pch; sourceTree = "<group>"; };
		BEDB8FA3231D190F00C71D71 /* CameraScannerProtocol.swift */ = {isa = PBXFileReference; lastKnownFileType = sourcecode.swift; path = CameraScannerProtocol.swift; sourceTree = "<group>"; };
		BEDB8FA9231D5A6700C71D71 /* UIDeviceOrientation->AVCaptureVideoOrientation.swift */ = {isa = PBXFileReference; lastKnownFileType = sourcecode.swift; path = "UIDeviceOrientation->AVCaptureVideoOrientation.swift"; sourceTree = "<group>"; };
		BF31E74ED758B0FF1FDD7787 /* Pods-bachelorthesis.debug.xcconfig */ = {isa = PBXFileReference; includeInIndex = 1; lastKnownFileType = text.xcconfig; name = "Pods-bachelorthesis.debug.xcconfig"; path = "Target Support Files/Pods-bachelorthesis/Pods-bachelorthesis.debug.xcconfig"; sourceTree = "<group>"; };
		F0FB250E8451BE663D963F32 /* Pods-bachelorthesis.release.xcconfig */ = {isa = PBXFileReference; includeInIndex = 1; lastKnownFileType = text.xcconfig; name = "Pods-bachelorthesis.release.xcconfig"; path = "Target Support Files/Pods-bachelorthesis/Pods-bachelorthesis.release.xcconfig"; sourceTree = "<group>"; };
		F2BEC80B231E6CDD0053C9C2 /* Utilities.cpp */ = {isa = PBXFileReference; fileEncoding = 4; lastKnownFileType = sourcecode.cpp.cpp; path = Utilities.cpp; sourceTree = "<group>"; };
		F2BEC80C231E6CDD0053C9C2 /* Utilities.hpp */ = {isa = PBXFileReference; fileEncoding = 4; lastKnownFileType = sourcecode.cpp.h; path = Utilities.hpp; sourceTree = "<group>"; };
		F2BEC80E231E90540053C9C2 /* QuadrangleDetector.cpp */ = {isa = PBXFileReference; lastKnownFileType = sourcecode.cpp.cpp; path = QuadrangleDetector.cpp; sourceTree = "<group>"; };
		F2BEC80F231E90540053C9C2 /* QuadrangleDetector.hpp */ = {isa = PBXFileReference; lastKnownFileType = sourcecode.cpp.h; path = QuadrangleDetector.hpp; sourceTree = "<group>"; };
/* End PBXFileReference section */

/* Begin PBXFrameworksBuildPhase section */
		BE8C566523181424007C18BA /* Frameworks */ = {
			isa = PBXFrameworksBuildPhase;
			buildActionMask = 2147483647;
			files = (
				C2C740EAB428211ADB286196 /* libPods-bachelorthesis.a in Frameworks */,
			);
			runOnlyForDeploymentPostprocessing = 0;
		};
/* End PBXFrameworksBuildPhase section */

/* Begin PBXGroup section */
		7D739B47A8B2B807B396CCCB /* Pods */ = {
			isa = PBXGroup;
			children = (
				BF31E74ED758B0FF1FDD7787 /* Pods-bachelorthesis.debug.xcconfig */,
				F0FB250E8451BE663D963F32 /* Pods-bachelorthesis.release.xcconfig */,
			);
			path = Pods;
			sourceTree = "<group>";
		};
		87AE3BA1CC12D5E9EC704D19 /* Frameworks */ = {
			isa = PBXGroup;
			children = (
				55F9A9AF04F999E26B797CE9 /* libPods-bachelorthesis.a */,
			);
			name = Frameworks;
			sourceTree = "<group>";
		};
		BE8C565F23181424007C18BA = {
			isa = PBXGroup;
			children = (
				BEDB8F86231921BB00C71D71 /* R.generated.swift */,
				BE8C566A23181424007C18BA /* bachelorthesis */,
				BE8C566923181424007C18BA /* Products */,
				7D739B47A8B2B807B396CCCB /* Pods */,
				87AE3BA1CC12D5E9EC704D19 /* Frameworks */,
			);
			sourceTree = "<group>";
		};
		BE8C566923181424007C18BA /* Products */ = {
			isa = PBXGroup;
			children = (
				BE8C566823181424007C18BA /* bachelorthesis.app */,
			);
			name = Products;
			sourceTree = "<group>";
		};
		BE8C566A23181424007C18BA /* bachelorthesis */ = {
			isa = PBXGroup;
			children = (
				BE8C567723181425007C18BA /* Info.plist */,
				BEDB8F9C231D0B9100C71D71 /* bachelorthesis-Bridging-Header.h */,
				BEDB8FA0231D0C1600C71D71 /* PrefixHeader.pch */,
				BE8C567223181425007C18BA /* Assets.xcassets */,
				BEDB8F7D2319093600C71D71 /* Localizable.strings */,
				BEDB8F762319086E00C71D71 /* Main */,
				BEDB8F7523181F3C00C71D71 /* Launch Scene */,
				BEDB8F7423181EEC00C71D71 /* Main Scene */,
				BEDB8F9023192F3F00C71D71 /* Camera Scene */,
				BEDB8F9A231D096100C71D71 /* Scanner */,
				BEDB8F8323191F4F00C71D71 /* Resources */,
				BEDB8F8A2319260200C71D71 /* Helpers */,
			);
			path = bachelorthesis;
			sourceTree = "<group>";
		};
		BEDB8F7423181EEC00C71D71 /* Main Scene */ = {
			isa = PBXGroup;
			children = (
				BE8C566D23181424007C18BA /* MainTableViewController.swift */,
				BE8C566F23181424007C18BA /* Main.storyboard */,
				BEDB8F882319226D00C71D71 /* MainTableViewCell.swift */,
			);
			path = "Main Scene";
			sourceTree = "<group>";
		};
		BEDB8F7523181F3C00C71D71 /* Launch Scene */ = {
			isa = PBXGroup;
			children = (
				BE8C567423181425007C18BA /* LaunchScreen.storyboard */,
			);
			path = "Launch Scene";
			sourceTree = "<group>";
		};
		BEDB8F762319086E00C71D71 /* Main */ = {
			isa = PBXGroup;
			children = (
				BE8C566B23181424007C18BA /* AppDelegate.swift */,
			);
			path = Main;
			sourceTree = "<group>";
		};
		BEDB8F8323191F4F00C71D71 /* Resources */ = {
			isa = PBXGroup;
			children = (
				BEDB8F8423191F7400C71D71 /* AvailableScanners.swift */,
			);
			path = Resources;
			sourceTree = "<group>";
		};
		BEDB8F8A2319260200C71D71 /* Helpers */ = {
			isa = PBXGroup;
			children = (
				BEDB8FA8231D5A0100C71D71 /* Converters */,
				BEDB8F8B2319261000C71D71 /* Extensions */,
				BEDB8F97231BD35700C71D71 /* IBDesignables */,
			);
			path = Helpers;
			sourceTree = "<group>";
		};
		BEDB8F8B2319261000C71D71 /* Extensions */ = {
			isa = PBXGroup;
			children = (
				BEDB8F8C2319264500C71D71 /* UIViewController+PresentSafariViewController.swift */,
				BEDB8F8E231926FB00C71D71 /* UIViewController+PresentUIAlertController.swift */,
			);
			path = Extensions;
			sourceTree = "<group>";
		};
		BEDB8F9023192F3F00C71D71 /* Camera Scene */ = {
			isa = PBXGroup;
			children = (
				BEDB8F9123192F6300C71D71 /* CameraViewController.swift */,
				BEDB8F9323192F7900C71D71 /* Camera.storyboard */,
			);
			path = "Camera Scene";
			sourceTree = "<group>";
		};
		BEDB8F97231BD35700C71D71 /* IBDesignables */ = {
			isa = PBXGroup;
			children = (
				BEDB8F98231BD3A100C71D71 /* FramedButton.swift */,
			);
			path = IBDesignables;
			sourceTree = "<group>";
		};
		BEDB8F9A231D096100C71D71 /* Scanner */ = {
			isa = PBXGroup;
			children = (
				BEDB8F95231BC7FD00C71D71 /* CameraScanner.swift */,
				BEDB8FA3231D190F00C71D71 /* CameraScannerProtocol.swift */,
				BEDB8F9B231D096F00C71D71 /* OpenCV Scanner */,
			);
			path = Scanner;
			sourceTree = "<group>";
		};
		BEDB8F9B231D096F00C71D71 /* OpenCV Scanner */ = {
			isa = PBXGroup;
			children = (
				BEDB8F9D231D0B9200C71D71 /* OpenCVScannerBridge.h */,
				BEDB8F9E231D0B9200C71D71 /* OpenCVScannerBridge.mm */,
				BE6C3F2D231FC09F00EA116A /* LoyaltyCardDetector.hpp */,
				BE6C3F2C231FC09F00EA116A /* LoyaltyCardDetector.cpp */,
				F2BEC80F231E90540053C9C2 /* QuadrangleDetector.hpp */,
				F2BEC80E231E90540053C9C2 /* QuadrangleDetector.cpp */,
				F2BEC80C231E6CDD0053C9C2 /* Utilities.hpp */,
				F2BEC80B231E6CDD0053C9C2 /* Utilities.cpp */,
			);
			path = "OpenCV Scanner";
			sourceTree = "<group>";
		};
		BEDB8FA8231D5A0100C71D71 /* Converters */ = {
			isa = PBXGroup;
			children = (
				BEDB8FA9231D5A6700C71D71 /* UIDeviceOrientation->AVCaptureVideoOrientation.swift */,
			);
			path = Converters;
			sourceTree = "<group>";
		};
/* End PBXGroup section */

/* Begin PBXNativeTarget section */
		BE8C566723181424007C18BA /* bachelorthesis */ = {
			isa = PBXNativeTarget;
			buildConfigurationList = BE8C567A23181425007C18BA /* Build configuration list for PBXNativeTarget "bachelorthesis" */;
			buildPhases = (
				2DEEF06CA917E34CEF24DBC7 /* [CP] Check Pods Manifest.lock */,
				BEDB8F80231909CD00C71D71 /* SwiftLint */,
				BEDB8F7F2319099D00C71D71 /* R.Swift */,
				BE8C566423181424007C18BA /* Sources */,
				BE8C566523181424007C18BA /* Frameworks */,
				BE8C566623181424007C18BA /* Resources */,
				0FA979AC7C7DA0B26352F533 /* [CP] Copy Pods Resources */,
			);
			buildRules = (
			);
			dependencies = (
			);
			name = bachelorthesis;
			productName = bachelorthesis;
			productReference = BE8C566823181424007C18BA /* bachelorthesis.app */;
			productType = "com.apple.product-type.application";
		};
/* End PBXNativeTarget section */

/* Begin PBXProject section */
		BE8C566023181424007C18BA /* Project object */ = {
			isa = PBXProject;
			attributes = {
				LastSwiftUpdateCheck = 1020;
				LastUpgradeCheck = 1020;
				ORGANIZATIONNAME = " Erik Maximilian Martens";
				TargetAttributes = {
					BE8C566723181424007C18BA = {
						CreatedOnToolsVersion = 10.2.1;
						LastSwiftMigration = 1020;
					};
				};
			};
			buildConfigurationList = BE8C566323181424007C18BA /* Build configuration list for PBXProject "bachelorthesis" */;
			compatibilityVersion = "Xcode 9.3";
			developmentRegion = en;
			hasScannedForEncodings = 0;
			knownRegions = (
				en,
				Base,
				de,
			);
			mainGroup = BE8C565F23181424007C18BA;
			productRefGroup = BE8C566923181424007C18BA /* Products */;
			projectDirPath = "";
			projectRoot = "";
			targets = (
				BE8C566723181424007C18BA /* bachelorthesis */,
			);
		};
/* End PBXProject section */

/* Begin PBXResourcesBuildPhase section */
		BE8C566623181424007C18BA /* Resources */ = {
			isa = PBXResourcesBuildPhase;
			buildActionMask = 2147483647;
			files = (
				BE8C567623181425007C18BA /* LaunchScreen.storyboard in Resources */,
				BEDB8F7B2319093600C71D71 /* Localizable.strings in Resources */,
				BE8C567323181425007C18BA /* Assets.xcassets in Resources */,
				BE8C567123181424007C18BA /* Main.storyboard in Resources */,
				BEDB8F9423192F7900C71D71 /* Camera.storyboard in Resources */,
			);
			runOnlyForDeploymentPostprocessing = 0;
		};
/* End PBXResourcesBuildPhase section */

/* Begin PBXShellScriptBuildPhase section */
		0FA979AC7C7DA0B26352F533 /* [CP] Copy Pods Resources */ = {
			isa = PBXShellScriptBuildPhase;
			buildActionMask = 2147483647;
			files = (
			);
			inputFileListPaths = (
			);
			inputPaths = (
				"${PODS_ROOT}/Target Support Files/Pods-bachelorthesis/Pods-bachelorthesis-resources.sh",
				"${PODS_ROOT}/GPUImage/framework/Resources/lookup.png",
				"${PODS_ROOT}/GPUImage/framework/Resources/lookup_amatorka.png",
				"${PODS_ROOT}/GPUImage/framework/Resources/lookup_miss_etikate.png",
				"${PODS_ROOT}/GPUImage/framework/Resources/lookup_soft_elegance_1.png",
				"${PODS_ROOT}/GPUImage/framework/Resources/lookup_soft_elegance_2.png",
				"${PODS_ROOT}/WeScan/WeScan/Assets/enhance.png",
				"${PODS_ROOT}/WeScan/WeScan/Assets/enhance@2x.png",
				"${PODS_ROOT}/WeScan/WeScan/Assets/enhance@3x.png",
				"${PODS_ROOT}/WeScan/WeScan/Assets/flash.png",
				"${PODS_ROOT}/WeScan/WeScan/Assets/flash@2x.png",
				"${PODS_ROOT}/WeScan/WeScan/Assets/flash@3x.png",
				"${PODS_ROOT}/WeScan/WeScan/Assets/flashUnavailable.png",
				"${PODS_ROOT}/WeScan/WeScan/Assets/flashUnavailable@2x.png",
				"${PODS_ROOT}/WeScan/WeScan/Assets/flashUnavailable@3x.png",
				"${PODS_ROOT}/WeScan/WeScan/Assets/rotate.png",
				"${PODS_ROOT}/WeScan/WeScan/Assets/rotate@2x.png",
				"${PODS_ROOT}/WeScan/WeScan/Assets/rotate@3x.png",
				"${PODS_ROOT}/WeScan/WeScan/de.lproj/Localizable.strings",
				"${PODS_ROOT}/WeScan/WeScan/en.lproj/Localizable.strings",
				"${PODS_ROOT}/WeScan/WeScan/fr.lproj/Localizable.strings",
				"${PODS_ROOT}/WeScan/WeScan/it.lproj/Localizable.strings",
				"${PODS_ROOT}/WeScan/WeScan/pt-PT.lproj/Localizable.strings",
				"${PODS_ROOT}/WeScan/WeScan/zh-Hans.lproj/Localizable.strings",
				"${PODS_ROOT}/WeScan/WeScan/zh-Hant.lproj/Localizable.strings",
			);
			name = "[CP] Copy Pods Resources";
			outputFileListPaths = (
			);
			outputPaths = (
				"${TARGET_BUILD_DIR}/${UNLOCALIZED_RESOURCES_FOLDER_PATH}/lookup.png",
				"${TARGET_BUILD_DIR}/${UNLOCALIZED_RESOURCES_FOLDER_PATH}/lookup_amatorka.png",
				"${TARGET_BUILD_DIR}/${UNLOCALIZED_RESOURCES_FOLDER_PATH}/lookup_miss_etikate.png",
				"${TARGET_BUILD_DIR}/${UNLOCALIZED_RESOURCES_FOLDER_PATH}/lookup_soft_elegance_1.png",
				"${TARGET_BUILD_DIR}/${UNLOCALIZED_RESOURCES_FOLDER_PATH}/lookup_soft_elegance_2.png",
				"${TARGET_BUILD_DIR}/${UNLOCALIZED_RESOURCES_FOLDER_PATH}/enhance.png",
				"${TARGET_BUILD_DIR}/${UNLOCALIZED_RESOURCES_FOLDER_PATH}/enhance@2x.png",
				"${TARGET_BUILD_DIR}/${UNLOCALIZED_RESOURCES_FOLDER_PATH}/enhance@3x.png",
				"${TARGET_BUILD_DIR}/${UNLOCALIZED_RESOURCES_FOLDER_PATH}/flash.png",
				"${TARGET_BUILD_DIR}/${UNLOCALIZED_RESOURCES_FOLDER_PATH}/flash@2x.png",
				"${TARGET_BUILD_DIR}/${UNLOCALIZED_RESOURCES_FOLDER_PATH}/flash@3x.png",
				"${TARGET_BUILD_DIR}/${UNLOCALIZED_RESOURCES_FOLDER_PATH}/flashUnavailable.png",
				"${TARGET_BUILD_DIR}/${UNLOCALIZED_RESOURCES_FOLDER_PATH}/flashUnavailable@2x.png",
				"${TARGET_BUILD_DIR}/${UNLOCALIZED_RESOURCES_FOLDER_PATH}/flashUnavailable@3x.png",
				"${TARGET_BUILD_DIR}/${UNLOCALIZED_RESOURCES_FOLDER_PATH}/rotate.png",
				"${TARGET_BUILD_DIR}/${UNLOCALIZED_RESOURCES_FOLDER_PATH}/rotate@2x.png",
				"${TARGET_BUILD_DIR}/${UNLOCALIZED_RESOURCES_FOLDER_PATH}/rotate@3x.png",
				"${TARGET_BUILD_DIR}/${UNLOCALIZED_RESOURCES_FOLDER_PATH}/Localizable.strings",
			);
			runOnlyForDeploymentPostprocessing = 0;
			shellPath = /bin/sh;
			shellScript = "\"${PODS_ROOT}/Target Support Files/Pods-bachelorthesis/Pods-bachelorthesis-resources.sh\"\n";
			showEnvVarsInLog = 0;
		};
		2DEEF06CA917E34CEF24DBC7 /* [CP] Check Pods Manifest.lock */ = {
			isa = PBXShellScriptBuildPhase;
			buildActionMask = 2147483647;
			files = (
			);
			inputFileListPaths = (
			);
			inputPaths = (
				"${PODS_PODFILE_DIR_PATH}/Podfile.lock",
				"${PODS_ROOT}/Manifest.lock",
			);
			name = "[CP] Check Pods Manifest.lock";
			outputFileListPaths = (
			);
			outputPaths = (
				"$(DERIVED_FILE_DIR)/Pods-bachelorthesis-checkManifestLockResult.txt",
			);
			runOnlyForDeploymentPostprocessing = 0;
			shellPath = /bin/sh;
			shellScript = "diff \"${PODS_PODFILE_DIR_PATH}/Podfile.lock\" \"${PODS_ROOT}/Manifest.lock\" > /dev/null\nif [ $? != 0 ] ; then\n    # print error to STDERR\n    echo \"error: The sandbox is not in sync with the Podfile.lock. Run 'pod install' or update your CocoaPods installation.\" >&2\n    exit 1\nfi\n# This output is used by Xcode 'outputs' to avoid re-running this script phase.\necho \"SUCCESS\" > \"${SCRIPT_OUTPUT_FILE_0}\"\n";
			showEnvVarsInLog = 0;
		};
		BEDB8F7F2319099D00C71D71 /* R.Swift */ = {
			isa = PBXShellScriptBuildPhase;
			buildActionMask = 2147483647;
			files = (
			);
			inputFileListPaths = (
			);
			inputPaths = (
				"$TEMP_DIR/rswift-lastrun",
			);
			name = R.Swift;
			outputFileListPaths = (
			);
			outputPaths = (
				"$SRCROOT/R.generated.swift",
			);
			runOnlyForDeploymentPostprocessing = 0;
			shellPath = /bin/sh;
			shellScript = "\"$PODS_ROOT/R.swift/rswift\" generate \"$SRCROOT/R.generated.swift\"\n";
		};
		BEDB8F80231909CD00C71D71 /* SwiftLint */ = {
			isa = PBXShellScriptBuildPhase;
			buildActionMask = 2147483647;
			files = (
			);
			inputFileListPaths = (
			);
			inputPaths = (
			);
			name = SwiftLint;
			outputFileListPaths = (
			);
			outputPaths = (
			);
			runOnlyForDeploymentPostprocessing = 0;
			shellPath = /bin/sh;
			shellScript = "\"${PODS_ROOT}/SwiftLint/swiftlint\"\n";
		};
/* End PBXShellScriptBuildPhase section */

/* Begin PBXSourcesBuildPhase section */
		BE8C566423181424007C18BA /* Sources */ = {
			isa = PBXSourcesBuildPhase;
			buildActionMask = 2147483647;
			files = (
				BEDB8FAA231D5A6700C71D71 /* UIDeviceOrientation->AVCaptureVideoOrientation.swift in Sources */,
				BEDB8F99231BD3A100C71D71 /* FramedButton.swift in Sources */,
				BEDB8F8523191F7400C71D71 /* AvailableScanners.swift in Sources */,
				BE8C566E23181424007C18BA /* MainTableViewController.swift in Sources */,
				BEDB8F8F231926FB00C71D71 /* UIViewController+PresentUIAlertController.swift in Sources */,
				F2BEC810231E90540053C9C2 /* QuadrangleDetector.cpp in Sources */,
				BEDB8F9223192F6300C71D71 /* CameraViewController.swift in Sources */,
				F2BEC80D231E6CDE0053C9C2 /* Utilities.cpp in Sources */,
				BE8C566C23181424007C18BA /* AppDelegate.swift in Sources */,
				BEDB8F87231921BC00C71D71 /* R.generated.swift in Sources */,
				BE6C3F2E231FC09F00EA116A /* LoyaltyCardDetector.cpp in Sources */,
				BEDB8F892319226D00C71D71 /* MainTableViewCell.swift in Sources */,
				BEDB8F9F231D0B9200C71D71 /* OpenCVScannerBridge.mm in Sources */,
				BEDB8FA4231D190F00C71D71 /* CameraScannerProtocol.swift in Sources */,
				BEDB8F8D2319264500C71D71 /* UIViewController+PresentSafariViewController.swift in Sources */,
				BEDB8F96231BC7FD00C71D71 /* CameraScanner.swift in Sources */,
			);
			runOnlyForDeploymentPostprocessing = 0;
		};
/* End PBXSourcesBuildPhase section */

/* Begin PBXVariantGroup section */
		BE8C566F23181424007C18BA /* Main.storyboard */ = {
			isa = PBXVariantGroup;
			children = (
				BE8C567023181424007C18BA /* Base */,
				BEDB8F7A2319092E00C71D71 /* de */,
			);
			name = Main.storyboard;
			sourceTree = "<group>";
		};
		BE8C567423181425007C18BA /* LaunchScreen.storyboard */ = {
			isa = PBXVariantGroup;
			children = (
				BE8C567523181425007C18BA /* Base */,
				BEDB8F792319092E00C71D71 /* de */,
			);
			name = LaunchScreen.storyboard;
			sourceTree = "<group>";
		};
		BEDB8F7D2319093600C71D71 /* Localizable.strings */ = {
			isa = PBXVariantGroup;
			children = (
				BEDB8F7C2319093600C71D71 /* en */,
				BEDB8F7E2319093E00C71D71 /* de */,
			);
			name = Localizable.strings;
			path = bachelorthesis;
			sourceTree = SOURCE_ROOT;
		};
/* End PBXVariantGroup section */

/* Begin XCBuildConfiguration section */
		BE8C567823181425007C18BA /* Debug */ = {
			isa = XCBuildConfiguration;
			buildSettings = {
				ALWAYS_SEARCH_USER_PATHS = NO;
				CLANG_ANALYZER_LOCALIZABILITY_NONLOCALIZED = YES;
				CLANG_ANALYZER_NONNULL = YES;
				CLANG_ANALYZER_NUMBER_OBJECT_CONVERSION = YES_AGGRESSIVE;
				CLANG_CXX_LANGUAGE_STANDARD = "gnu++14";
				CLANG_CXX_LIBRARY = "libc++";
				CLANG_ENABLE_MODULES = YES;
				CLANG_ENABLE_OBJC_ARC = YES;
				CLANG_ENABLE_OBJC_WEAK = YES;
				CLANG_WARN_BLOCK_CAPTURE_AUTORELEASING = YES;
				CLANG_WARN_BOOL_CONVERSION = YES;
				CLANG_WARN_COMMA = YES;
				CLANG_WARN_CONSTANT_CONVERSION = YES;
				CLANG_WARN_DEPRECATED_OBJC_IMPLEMENTATIONS = YES;
				CLANG_WARN_DIRECT_OBJC_ISA_USAGE = YES_ERROR;
				CLANG_WARN_DOCUMENTATION_COMMENTS = YES;
				CLANG_WARN_EMPTY_BODY = YES;
				CLANG_WARN_ENUM_CONVERSION = YES;
				CLANG_WARN_INFINITE_RECURSION = YES;
				CLANG_WARN_INT_CONVERSION = YES;
				CLANG_WARN_NON_LITERAL_NULL_CONVERSION = YES;
				CLANG_WARN_OBJC_IMPLICIT_RETAIN_SELF = YES;
				CLANG_WARN_OBJC_LITERAL_CONVERSION = YES;
				CLANG_WARN_OBJC_ROOT_CLASS = YES_ERROR;
				CLANG_WARN_RANGE_LOOP_ANALYSIS = YES;
				CLANG_WARN_STRICT_PROTOTYPES = YES;
				CLANG_WARN_SUSPICIOUS_MOVE = YES;
				CLANG_WARN_UNGUARDED_AVAILABILITY = YES_AGGRESSIVE;
				CLANG_WARN_UNREACHABLE_CODE = YES;
				CLANG_WARN__DUPLICATE_METHOD_MATCH = YES;
				CODE_SIGN_IDENTITY = "iPhone Developer";
				COPY_PHASE_STRIP = NO;
				DEBUG_INFORMATION_FORMAT = dwarf;
				ENABLE_STRICT_OBJC_MSGSEND = YES;
				ENABLE_TESTABILITY = YES;
				GCC_C_LANGUAGE_STANDARD = gnu11;
				GCC_DYNAMIC_NO_PIC = NO;
				GCC_NO_COMMON_BLOCKS = YES;
				GCC_OPTIMIZATION_LEVEL = 0;
				GCC_PREPROCESSOR_DEFINITIONS = (
					"DEBUG=1",
					"$(inherited)",
				);
				GCC_WARN_64_TO_32_BIT_CONVERSION = YES;
				GCC_WARN_ABOUT_RETURN_TYPE = YES_ERROR;
				GCC_WARN_UNDECLARED_SELECTOR = YES;
				GCC_WARN_UNINITIALIZED_AUTOS = YES_AGGRESSIVE;
				GCC_WARN_UNUSED_FUNCTION = YES;
				GCC_WARN_UNUSED_VARIABLE = YES;
				IPHONEOS_DEPLOYMENT_TARGET = 10.3;
				MTL_ENABLE_DEBUG_INFO = INCLUDE_SOURCE;
				MTL_FAST_MATH = YES;
				ONLY_ACTIVE_ARCH = YES;
				OTHER_CFLAGS = "-fembed-bitcode";
				SDKROOT = iphoneos;
				SWIFT_ACTIVE_COMPILATION_CONDITIONS = DEBUG;
				SWIFT_OPTIMIZATION_LEVEL = "-Onone";
			};
			name = Debug;
		};
		BE8C567923181425007C18BA /* Release */ = {
			isa = XCBuildConfiguration;
			buildSettings = {
				ALWAYS_SEARCH_USER_PATHS = NO;
				CLANG_ANALYZER_LOCALIZABILITY_NONLOCALIZED = YES;
				CLANG_ANALYZER_NONNULL = YES;
				CLANG_ANALYZER_NUMBER_OBJECT_CONVERSION = YES_AGGRESSIVE;
				CLANG_CXX_LANGUAGE_STANDARD = "gnu++14";
				CLANG_CXX_LIBRARY = "libc++";
				CLANG_ENABLE_MODULES = YES;
				CLANG_ENABLE_OBJC_ARC = YES;
				CLANG_ENABLE_OBJC_WEAK = YES;
				CLANG_WARN_BLOCK_CAPTURE_AUTORELEASING = YES;
				CLANG_WARN_BOOL_CONVERSION = YES;
				CLANG_WARN_COMMA = YES;
				CLANG_WARN_CONSTANT_CONVERSION = YES;
				CLANG_WARN_DEPRECATED_OBJC_IMPLEMENTATIONS = YES;
				CLANG_WARN_DIRECT_OBJC_ISA_USAGE = YES_ERROR;
				CLANG_WARN_DOCUMENTATION_COMMENTS = YES;
				CLANG_WARN_EMPTY_BODY = YES;
				CLANG_WARN_ENUM_CONVERSION = YES;
				CLANG_WARN_INFINITE_RECURSION = YES;
				CLANG_WARN_INT_CONVERSION = YES;
				CLANG_WARN_NON_LITERAL_NULL_CONVERSION = YES;
				CLANG_WARN_OBJC_IMPLICIT_RETAIN_SELF = YES;
				CLANG_WARN_OBJC_LITERAL_CONVERSION = YES;
				CLANG_WARN_OBJC_ROOT_CLASS = YES_ERROR;
				CLANG_WARN_RANGE_LOOP_ANALYSIS = YES;
				CLANG_WARN_STRICT_PROTOTYPES = YES;
				CLANG_WARN_SUSPICIOUS_MOVE = YES;
				CLANG_WARN_UNGUARDED_AVAILABILITY = YES_AGGRESSIVE;
				CLANG_WARN_UNREACHABLE_CODE = YES;
				CLANG_WARN__DUPLICATE_METHOD_MATCH = YES;
				CODE_SIGN_IDENTITY = "iPhone Developer";
				COPY_PHASE_STRIP = NO;
				DEBUG_INFORMATION_FORMAT = "dwarf-with-dsym";
				ENABLE_NS_ASSERTIONS = NO;
				ENABLE_STRICT_OBJC_MSGSEND = YES;
				GCC_C_LANGUAGE_STANDARD = gnu11;
				GCC_NO_COMMON_BLOCKS = YES;
				GCC_WARN_64_TO_32_BIT_CONVERSION = YES;
				GCC_WARN_ABOUT_RETURN_TYPE = YES_ERROR;
				GCC_WARN_UNDECLARED_SELECTOR = YES;
				GCC_WARN_UNINITIALIZED_AUTOS = YES_AGGRESSIVE;
				GCC_WARN_UNUSED_FUNCTION = YES;
				GCC_WARN_UNUSED_VARIABLE = YES;
				IPHONEOS_DEPLOYMENT_TARGET = 10.3;
				MTL_ENABLE_DEBUG_INFO = NO;
				MTL_FAST_MATH = YES;
				OTHER_CFLAGS = "-fembed-bitcode";
				SDKROOT = iphoneos;
				SWIFT_COMPILATION_MODE = wholemodule;
				SWIFT_OPTIMIZATION_LEVEL = "-O";
				VALIDATE_PRODUCT = YES;
			};
			name = Release;
		};
		BE8C567B23181425007C18BA /* Debug */ = {
			isa = XCBuildConfiguration;
			baseConfigurationReference = BF31E74ED758B0FF1FDD7787 /* Pods-bachelorthesis.debug.xcconfig */;
			buildSettings = {
				ASSETCATALOG_COMPILER_APPICON_NAME = AppIcon;
				CLANG_ENABLE_MODULES = YES;
				CODE_SIGN_STYLE = Automatic;
				DEVELOPMENT_TEAM = VDPU24L36V;
				GCC_PREFIX_HEADER = "$(SRCROOT)/bachelorthesis/PrefixHeader.pch";
				INFOPLIST_FILE = bachelorthesis/Info.plist;
				IPHONEOS_DEPLOYMENT_TARGET = 10.3;
				LD_RUNPATH_SEARCH_PATHS = (
					"$(inherited)",
					"@executable_path/Frameworks",
				);
				PRODUCT_BUNDLE_IDENTIFIER = de.erikmaximilianmartens.bachelorthesis;
				PRODUCT_NAME = "$(TARGET_NAME)";
				SWIFT_OBJC_BRIDGING_HEADER = "bachelorthesis/bachelorthesis-Bridging-Header.h";
				SWIFT_OPTIMIZATION_LEVEL = "-Onone";
				SWIFT_VERSION = 5.0;
				TARGETED_DEVICE_FAMILY = 1;
			};
			name = Debug;
		};
		BE8C567C23181425007C18BA /* Release */ = {
			isa = XCBuildConfiguration;
			baseConfigurationReference = F0FB250E8451BE663D963F32 /* Pods-bachelorthesis.release.xcconfig */;
			buildSettings = {
				ASSETCATALOG_COMPILER_APPICON_NAME = AppIcon;
				CLANG_ENABLE_MODULES = YES;
				CODE_SIGN_STYLE = Automatic;
				DEVELOPMENT_TEAM = VDPU24L36V;
				GCC_PREFIX_HEADER = "$(SRCROOT)/bachelorthesis/PrefixHeader.pch";
				INFOPLIST_FILE = bachelorthesis/Info.plist;
				IPHONEOS_DEPLOYMENT_TARGET = 10.3;
				LD_RUNPATH_SEARCH_PATHS = (
					"$(inherited)",
					"@executable_path/Frameworks",
				);
				PRODUCT_BUNDLE_IDENTIFIER = de.erikmaximilianmartens.bachelorthesis;
				PRODUCT_NAME = "$(TARGET_NAME)";
				SWIFT_OBJC_BRIDGING_HEADER = "bachelorthesis/bachelorthesis-Bridging-Header.h";
				SWIFT_VERSION = 5.0;
				TARGETED_DEVICE_FAMILY = 1;
			};
			name = Release;
		};
/* End XCBuildConfiguration section */

/* Begin XCConfigurationList section */
		BE8C566323181424007C18BA /* Build configuration list for PBXProject "bachelorthesis" */ = {
			isa = XCConfigurationList;
			buildConfigurations = (
				BE8C567823181425007C18BA /* Debug */,
				BE8C567923181425007C18BA /* Release */,
			);
			defaultConfigurationIsVisible = 0;
			defaultConfigurationName = Release;
		};
		BE8C567A23181425007C18BA /* Build configuration list for PBXNativeTarget "bachelorthesis" */ = {
			isa = XCConfigurationList;
			buildConfigurations = (
				BE8C567B23181425007C18BA /* Debug */,
				BE8C567C23181425007C18BA /* Release */,
			);
			defaultConfigurationIsVisible = 0;
			defaultConfigurationName = Release;
		};
/* End XCConfigurationList section */
	};
	rootObject = BE8C566023181424007C18BA /* Project object */;
}
