PODS:
  - GPUImage (0.1.7)
  - OpenCV2 (4.1.0)
  - R.swift (5.0.3):
    - R.swift.Library (~> 5.0.0)
  - R.swift.Library (5.0.1)
  - SwiftLint (0.32.0)
  - WeScan (1.1.0)

DEPENDENCIES:
  - GPUImage (~> 0.1.7)
  - OpenCV2 (~> 4.1.0)
  - R.swift (~> 5.0.0)
  - SwiftLint
  - WeScan (from `https://github.com/erikmartens/WeScan.git`, branch `develop`)

SPEC REPOS:
  https://github.com/cocoapods/specs.git:
    - GPUImage
    - OpenCV2
    - R.swift
    - R.swift.Library
    - SwiftLint

EXTERNAL SOURCES:
  WeScan:
    :branch: develop
    :git: https://github.com/erikmartens/WeScan.git

CHECKOUT OPTIONS:
  WeScan:
    :commit: a0f8f459d6afe4c315f37d2ce73b0594485b6889
    :git: https://github.com/erikmartens/WeScan.git

SPEC CHECKSUMS:
  GPUImage: 733a5f0fab92df9de1c37ba9df520a833ccb406d
  OpenCV2: 13c3defa743793c87a4a2541b325509e878e5534
  R.swift: f5a87643b91ea569d23d6afb3eee9c743edde239
  R.swift.Library: cfe85d569d9bae6cb262922db130e7c3a7a5fad1
  SwiftLint: 009a898ef2a1c851f45e1b59349bf6ff2ddc990d
  WeScan: cd84147083281e54b5d625b155776d160978382b

PODFILE CHECKSUM: e96d855b40dd1971f1e6a5f1761a6c6f83de8b42

COCOAPODS: 1.6.1
